
Microsoft Visual Studio Solution File, Format Version 12.00
# Visual Studio Version 17
VisualStudioVersion = 17.4.33110.190
MinimumVisualStudioVersion = 10.0.40219.1
Project("{FAE04EC0-301F-11D3-BF4B-00C04F79EFBC}") = "ProductsAPI", "ProductsAPI.csproj", "{2F63A067-D3C1-416A-B042-B8FF303E102A}"
EndProject
Global
	GlobalSection(SolutionConfigurationPlatforms) = preSolution
		Debug|Any CPU = Debug|Any CPU
		Release|Any CPU = Release|Any CPU
	EndGlobalSection
	GlobalSection(ProjectConfigurationPlatforms) = postSolution
		{2F63A067-D3C1-416A-B042-B8FF303E102A}.Debug|Any CPU.ActiveCfg = Debug|Any CPU
		{2F63A067-D3C1-416A-B042-B8FF303E102A}.Debug|Any CPU.Build.0 = Debug|Any CPU
		{2F63A067-D3C1-416A-B042-B8FF303E102A}.Release|Any CPU.ActiveCfg = Release|Any CPU
		{2F63A067-D3C1-416A-B042-B8FF303E102A}.Release|Any CPU.Build.0 = Release|Any CPU
	EndGlobalSection
	GlobalSection(SolutionProperties) = preSolution
		HideSolutionNode = FALSE
	EndGlobalSection
	GlobalSection(ExtensibilityGlobals) = postSolution
		SolutionGuid = {947C4F0D-E07A-4833-A32A-56EED3E7B3DF}
	EndGlobalSection
EndGlobal
